// !$*UTF8*$!
{
	archiveVersion = 1;
	classes = {
	};
	objectVersion = 77;
	objects = {

/* Begin PBXBuildFile section */
		A35FF34F2EB005DD0000E890 /* Assets.xcassets in Resources */ = {isa = PBXBuildFile; fileRef = A35FF34B2EB005DD0000E890 /* Assets.xcassets */; };
		A35FF3502EB005DD0000E890 /* CheaterBusterApp.swift in Sources */ = {isa = PBXBuildFile; fileRef = A35FF34C2EB005DD0000E890 /* CheaterBusterApp.swift */; };
		A35FF3512EB005DD0000E890 /* DemoView.swift in Sources */ = {isa = PBXBuildFile; fileRef = A35FF34D2EB005DD0000E890 /* DemoView.swift */; };
		A35FF3542EB005F00000E890 /* DesignTokens.swift in Sources */ = {isa = PBXBuildFile; fileRef = A35FF3532EB005ED0000E890 /* DesignTokens.swift */; };
		A35FF3572EB00CE80000E890 /* PrimaryButton.swift in Sources */ = {isa = PBXBuildFile; fileRef = A35FF3562EB00CE80000E890 /* PrimaryButton.swift */; };
		A35FF3592EB00CF10000E890 /* SearchField.swift in Sources */ = {isa = PBXBuildFile; fileRef = A35FF3582EB00CF10000E890 /* SearchField.swift */; };
		A35FF36D2EB0CF930000E890 /* Swinject in Frameworks */ = {isa = PBXBuildFile; productRef = A35FF36C2EB0CF930000E890 /* Swinject */; };
		A35FF3712EB0D3330000E890 /* SettingsView.swift in Sources */ = {isa = PBXBuildFile; fileRef = A35FF3702EB0D32F0000E890 /* SettingsView.swift */; };
		A35FF3732EB0D3460000E890 /* SettingsViewModel.swift in Sources */ = {isa = PBXBuildFile; fileRef = A35FF3722EB0D3360000E890 /* SettingsViewModel.swift */; };
		A35FF3752EB0D8350000E890 /* AppAssembler.swift in Sources */ = {isa = PBXBuildFile; fileRef = A35FF3742EB0D8300000E890 /* AppAssembler.swift */; };
		A35FF3782EB0D8B70000E890 /* Environment+Resolver.swift in Sources */ = {isa = PBXBuildFile; fileRef = A35FF3772EB0D8B50000E890 /* Environment+Resolver.swift */; };
		A35FF37A2EB0E6910000E890 /* ImageHit.swift in Sources */ = {isa = PBXBuildFile; fileRef = A35FF3792EB0E68B0000E890 /* ImageHit.swift */; };
		A35FF37C2EB0E7600000E890 /* ConversationAnalysis.swift in Sources */ = {isa = PBXBuildFile; fileRef = A35FF37B2EB0E7500000E890 /* ConversationAnalysis.swift */; };
		A35FF37E2EB0E80C0000E890 /* SearchService.swift in Sources */ = {isa = PBXBuildFile; fileRef = A35FF37D2EB0E8040000E890 /* SearchService.swift */; };
		A35FF3802EB0E8DE0000E890 /* CheaterAnalyzerService.swift in Sources */ = {isa = PBXBuildFile; fileRef = A35FF37F2EB0E8D20000E890 /* CheaterAnalyzerService.swift */; };
		A35FF3822EB0E9350000E890 /* HistoryStore.swift in Sources */ = {isa = PBXBuildFile; fileRef = A35FF3812EB0E9310000E890 /* HistoryStore.swift */; };
		A35FF3842EB0EA100000E890 /* SettingsStore.swift in Sources */ = {isa = PBXBuildFile; fileRef = A35FF3832EB0EA0C0000E890 /* SettingsStore.swift */; };
		A35FF3862EB0EA600000E890 /* SearchServiceImpl.swift in Sources */ = {isa = PBXBuildFile; fileRef = A35FF3852EB0EA590000E890 /* SearchServiceImpl.swift */; };
		A35FF3882EB0ED3F0000E890 /* CheaterAnalyzerServiceImpl.swift in Sources */ = {isa = PBXBuildFile; fileRef = A35FF3872EB0ED360000E890 /* CheaterAnalyzerServiceImpl.swift */; };
		A35FF38A2EB0EE380000E890 /* HistoryStoreImpl.swift in Sources */ = {isa = PBXBuildFile; fileRef = A35FF3892EB0EE2F0000E890 /* HistoryStoreImpl.swift */; };
		A35FF38C2EB0F1090000E890 /* SettingsStoreImpl.swift in Sources */ = {isa = PBXBuildFile; fileRef = A35FF38B2EB0F0F70000E890 /* SettingsStoreImpl.swift */; };
		A35FF38E2EB0F1F30000E890 /* SearchViewModel.swift in Sources */ = {isa = PBXBuildFile; fileRef = A35FF38D2EB0F1EF0000E890 /* SearchViewModel.swift */; };
		A35FF3902EB0F42E0000E890 /* CheaterViewModel.swift in Sources */ = {isa = PBXBuildFile; fileRef = A35FF38F2EB0F4270000E890 /* CheaterViewModel.swift */; };
		A35FF3922EB0FC040000E890 /* HistoryViewModel.swift in Sources */ = {isa = PBXBuildFile; fileRef = A35FF3912EB0FBFE0000E890 /* HistoryViewModel.swift */; };
		A35FF3942EB0FCF20000E890 /* Services+VMAssembly.swift in Sources */ = {isa = PBXBuildFile; fileRef = A35FF3932EB0FCED0000E890 /* Services+VMAssembly.swift */; };
		A35FF3982EB1047A0000E890 /* RootTabView.swift in Sources */ = {isa = PBXBuildFile; fileRef = A35FF3972EB104760000E890 /* RootTabView.swift */; };
		A35FF39A2EB104A30000E890 /* SearchScreen.swift in Sources */ = {isa = PBXBuildFile; fileRef = A35FF3992EB1049F0000E890 /* SearchScreen.swift */; };
		A35FF39C2EB106150000E890 /* CheaterView.swift in Sources */ = {isa = PBXBuildFile; fileRef = A35FF39B2EB1060F0000E890 /* CheaterView.swift */; };
		A35FF39E2EB107420000E890 /* HistoryView.swift in Sources */ = {isa = PBXBuildFile; fileRef = A35FF39D2EB1073A0000E890 /* HistoryView.swift */; };
		A35FF3A02EB108940000E890 /* NameSearchView.swift in Sources */ = {isa = PBXBuildFile; fileRef = A35FF39F2EB108940000E890 /* NameSearchView.swift */; };
		A35FF3A22EB108C20000E890 /* SearchResultsView.swift in Sources */ = {isa = PBXBuildFile; fileRef = A35FF3A12EB108C20000E890 /* SearchResultsView.swift */; };
		A35FF3A42EB10B2C0000E890 /* Corner+Helpers.swift in Sources */ = {isa = PBXBuildFile; fileRef = A35FF3A32EB10B200000E890 /* Corner+Helpers.swift */; };
		A35FF3A62EB10FCD0000E890 /* FaceSearchView.swift in Sources */ = {isa = PBXBuildFile; fileRef = A35FF3A52EB10FCD0000E890 /* FaceSearchView.swift */; };
		A35FF3A92EB11AC50000E890 /* LoadingView.swift in Sources */ = {isa = PBXBuildFile; fileRef = A35FF3A82EB11AC50000E890 /* LoadingView.swift */; };
		A35FF3AB2EB1274F0000E890 /* HistoryKind.swift in Sources */ = {isa = PBXBuildFile; fileRef = A35FF3AA2EB1274F0000E890 /* HistoryKind.swift */; };
		A35FF3AD2EB12D790000E890 /* CheaterRecord.swift in Sources */ = {isa = PBXBuildFile; fileRef = A35FF3AC2EB12D790000E890 /* CheaterRecord.swift */; };
		A35FF3AF2EB12D9C0000E890 /* CheaterStoreImpl.swift in Sources */ = {isa = PBXBuildFile; fileRef = A35FF3AE2EB12D9C0000E890 /* CheaterStoreImpl.swift */; };
		A35FF3B12EB12DBE0000E890 /* CheaterStore.swift in Sources */ = {isa = PBXBuildFile; fileRef = A35FF3B02EB12DBE0000E890 /* CheaterStore.swift */; };
		A35FF3B32EB12F980000E890 /* DevSeed.swift in Sources */ = {isa = PBXBuildFile; fileRef = A35FF3B22EB12F980000E890 /* DevSeed.swift */; };
		A35FF3BC2EB224ED0000E890 /* HTTPClient.swift in Sources */ = {isa = PBXBuildFile; fileRef = A35FF3BB2EB224ED0000E890 /* HTTPClient.swift */; };
		A35FF3C02EB2257A0000E890 /* URLSessionHTTPClient.swift in Sources */ = {isa = PBXBuildFile; fileRef = A35FF3BF2EB2257A0000E890 /* URLSessionHTTPClient.swift */; };
		A35FF3C22EB225B70000E890 /* MultipartFormData.swift in Sources */ = {isa = PBXBuildFile; fileRef = A35FF3C12EB225B70000E890 /* MultipartFormData.swift */; };
		A35FF3C42EB228310000E890 /* APIError.swift in Sources */ = {isa = PBXBuildFile; fileRef = A35FF3C32EB228310000E890 /* APIError.swift */; };
		A35FF3C62EB228610000E890 /* APIConfig.swift in Sources */ = {isa = PBXBuildFile; fileRef = A35FF3C52EB228610000E890 /* APIConfig.swift */; };
		A35FF3C92EB228950000E890 /* TokenStorage.swift in Sources */ = {isa = PBXBuildFile; fileRef = A35FF3C82EB228950000E890 /* TokenStorage.swift */; };
		A35FF3CC2EB2290A0000E890 /* UserReadDTO.swift in Sources */ = {isa = PBXBuildFile; fileRef = A35FF3CB2EB2290A0000E890 /* UserReadDTO.swift */; };
		A35FF3CE2EB2291E0000E890 /* TaskDTO.swift in Sources */ = {isa = PBXBuildFile; fileRef = A35FF3CD2EB2291E0000E890 /* TaskDTO.swift */; };
		A35FF3D02EB229330000E890 /* ReverseSearchDTO.swift in Sources */ = {isa = PBXBuildFile; fileRef = A35FF3CF2EB229330000E890 /* ReverseSearchDTO.swift */; };
		A35FF3D22EB229680000E890 /* AuthRepository.swift in Sources */ = {isa = PBXBuildFile; fileRef = A35FF3D12EB229680000E890 /* AuthRepository.swift */; };
		A35FF3D42EB229930000E890 /* CheaterAPI.swift in Sources */ = {isa = PBXBuildFile; fileRef = A35FF3D32EB229930000E890 /* CheaterAPI.swift */; };
		A35FF3D82EB22A050000E890 /* TaskPoller.swift in Sources */ = {isa = PBXBuildFile; fileRef = A35FF3D72EB22A050000E890 /* TaskPoller.swift */; };
		A35FF3E22EB231D30000E890 /* AuthRepositoryImpl.swift in Sources */ = {isa = PBXBuildFile; fileRef = A35FF3E12EB231D30000E890 /* AuthRepositoryImpl.swift */; };
		A35FF3E42EB232000000E890 /* CheaterAPIImpl.swift in Sources */ = {isa = PBXBuildFile; fileRef = A35FF3E32EB232000000E890 /* CheaterAPIImpl.swift */; };
		A35FF3E62EB2324F0000E890 /* TaskPollerImpl.swift in Sources */ = {isa = PBXBuildFile; fileRef = A35FF3E52EB2324F0000E890 /* TaskPollerImpl.swift */; };
		A35FF3E92EB232AC0000E890 /* InMemoryTokenStorage.swift in Sources */ = {isa = PBXBuildFile; fileRef = A35FF3E82EB232AC0000E890 /* InMemoryTokenStorage.swift */; };
		A35FF3EF2EB24A090000E890 /* TaskCreateResponse.swift in Sources */ = {isa = PBXBuildFile; fileRef = A35FF3EE2EB24A090000E890 /* TaskCreateResponse.swift */; };
		A35FF3F12EB251950000E890 /* CheaterResultView.swift in Sources */ = {isa = PBXBuildFile; fileRef = A35FF3F02EB251950000E890 /* CheaterResultView.swift */; };
		A35FF3F32EB270B50000E890 /* AppRouter.swift in Sources */ = {isa = PBXBuildFile; fileRef = A35FF3F22EB270B50000E890 /* AppRouter.swift */; };
		A35FF3F72EB275CA0000E890 /* Notification+Names.swift in Sources */ = {isa = PBXBuildFile; fileRef = A35FF3F62EB275C10000E890 /* Notification+Names.swift */; };
		A35FF3FA2EB27E9F0000E890 /* SearchRepository.swift in Sources */ = {isa = PBXBuildFile; fileRef = A35FF3F92EB27E9F0000E890 /* SearchRepository.swift */; };
		A35FF3FC2EB27EDD0000E890 /* SearchRepositoryImpl.swift in Sources */ = {isa = PBXBuildFile; fileRef = A35FF3FB2EB27EDD0000E890 /* SearchRepositoryImpl.swift */; };
		A3B134792EB4B21F00E9486A /* TokensStore.swift in Sources */ = {isa = PBXBuildFile; fileRef = A3B134782EB4B21F00E9486A /* TokensStore.swift */; };
		A3B1347C2EB4B23C00E9486A /* TokensStoreImpl.swift in Sources */ = {isa = PBXBuildFile; fileRef = A3B1347B2EB4B23C00E9486A /* TokensStoreImpl.swift */; };
		A3B1347F2EB4B25900E9486A /* UserService.swift in Sources */ = {isa = PBXBuildFile; fileRef = A3B1347E2EB4B25900E9486A /* UserService.swift */; };
		A3B134812EB4B26900E9486A /* UserServiceImpl.swift in Sources */ = {isa = PBXBuildFile; fileRef = A3B134802EB4B26900E9486A /* UserServiceImpl.swift */; };
		A3B134842EB4BD8900E9486A /* SubscriptionService.swift in Sources */ = {isa = PBXBuildFile; fileRef = A3B134832EB4BD8900E9486A /* SubscriptionService.swift */; };
		A3B134872EB4BD9E00E9486A /* SubscriptionServiceImpl.swift in Sources */ = {isa = PBXBuildFile; fileRef = A3B134862EB4BD9E00E9486A /* SubscriptionServiceImpl.swift */; };
		A3B1348A2EB4BEAE00E9486A /* PaywallViewModel.swift in Sources */ = {isa = PBXBuildFile; fileRef = A3B134892EB4BEAE00E9486A /* PaywallViewModel.swift */; };
		A3B1348C2EB4BEB700E9486A /* PaywallView.swift in Sources */ = {isa = PBXBuildFile; fileRef = A3B1348B2EB4BEB700E9486A /* PaywallView.swift */; };
/* End PBXBuildFile section */

/* Begin PBXFileReference section */
		A35FF33A2EAFC9D40000E890 /* CheaterBuster.app */ = {isa = PBXFileReference; explicitFileType = wrapper.application; includeInIndex = 0; path = CheaterBuster.app; sourceTree = BUILT_PRODUCTS_DIR; };
		A35FF34B2EB005DD0000E890 /* Assets.xcassets */ = {isa = PBXFileReference; lastKnownFileType = folder.assetcatalog; path = Assets.xcassets; sourceTree = "<group>"; };
		A35FF34C2EB005DD0000E890 /* CheaterBusterApp.swift */ = {isa = PBXFileReference; lastKnownFileType = sourcecode.swift; path = CheaterBusterApp.swift; sourceTree = "<group>"; };
		A35FF34D2EB005DD0000E890 /* DemoView.swift */ = {isa = PBXFileReference; lastKnownFileType = sourcecode.swift; path = DemoView.swift; sourceTree = "<group>"; };
		A35FF3532EB005ED0000E890 /* DesignTokens.swift */ = {isa = PBXFileReference; lastKnownFileType = sourcecode.swift; path = DesignTokens.swift; sourceTree = "<group>"; };
		A35FF3562EB00CE80000E890 /* PrimaryButton.swift */ = {isa = PBXFileReference; lastKnownFileType = sourcecode.swift; path = PrimaryButton.swift; sourceTree = "<group>"; };
		A35FF3582EB00CF10000E890 /* SearchField.swift */ = {isa = PBXFileReference; lastKnownFileType = sourcecode.swift; path = SearchField.swift; sourceTree = "<group>"; };
		A35FF3702EB0D32F0000E890 /* SettingsView.swift */ = {isa = PBXFileReference; lastKnownFileType = sourcecode.swift; path = SettingsView.swift; sourceTree = "<group>"; };
		A35FF3722EB0D3360000E890 /* SettingsViewModel.swift */ = {isa = PBXFileReference; lastKnownFileType = sourcecode.swift; path = SettingsViewModel.swift; sourceTree = "<group>"; };
		A35FF3742EB0D8300000E890 /* AppAssembler.swift */ = {isa = PBXFileReference; lastKnownFileType = sourcecode.swift; path = AppAssembler.swift; sourceTree = "<group>"; };
		A35FF3772EB0D8B50000E890 /* Environment+Resolver.swift */ = {isa = PBXFileReference; lastKnownFileType = sourcecode.swift; path = "Environment+Resolver.swift"; sourceTree = "<group>"; };
		A35FF3792EB0E68B0000E890 /* ImageHit.swift */ = {isa = PBXFileReference; lastKnownFileType = sourcecode.swift; path = ImageHit.swift; sourceTree = "<group>"; };
		A35FF37B2EB0E7500000E890 /* ConversationAnalysis.swift */ = {isa = PBXFileReference; lastKnownFileType = sourcecode.swift; path = ConversationAnalysis.swift; sourceTree = "<group>"; };
		A35FF37D2EB0E8040000E890 /* SearchService.swift */ = {isa = PBXFileReference; lastKnownFileType = sourcecode.swift; path = SearchService.swift; sourceTree = "<group>"; };
		A35FF37F2EB0E8D20000E890 /* CheaterAnalyzerService.swift */ = {isa = PBXFileReference; lastKnownFileType = sourcecode.swift; path = CheaterAnalyzerService.swift; sourceTree = "<group>"; };
		A35FF3812EB0E9310000E890 /* HistoryStore.swift */ = {isa = PBXFileReference; lastKnownFileType = sourcecode.swift; path = HistoryStore.swift; sourceTree = "<group>"; };
		A35FF3832EB0EA0C0000E890 /* SettingsStore.swift */ = {isa = PBXFileReference; lastKnownFileType = sourcecode.swift; path = SettingsStore.swift; sourceTree = "<group>"; };
		A35FF3852EB0EA590000E890 /* SearchServiceImpl.swift */ = {isa = PBXFileReference; lastKnownFileType = sourcecode.swift; path = SearchServiceImpl.swift; sourceTree = "<group>"; };
		A35FF3872EB0ED360000E890 /* CheaterAnalyzerServiceImpl.swift */ = {isa = PBXFileReference; lastKnownFileType = sourcecode.swift; path = CheaterAnalyzerServiceImpl.swift; sourceTree = "<group>"; };
		A35FF3892EB0EE2F0000E890 /* HistoryStoreImpl.swift */ = {isa = PBXFileReference; lastKnownFileType = sourcecode.swift; path = HistoryStoreImpl.swift; sourceTree = "<group>"; };
		A35FF38B2EB0F0F70000E890 /* SettingsStoreImpl.swift */ = {isa = PBXFileReference; lastKnownFileType = sourcecode.swift; path = SettingsStoreImpl.swift; sourceTree = "<group>"; };
		A35FF38D2EB0F1EF0000E890 /* SearchViewModel.swift */ = {isa = PBXFileReference; lastKnownFileType = sourcecode.swift; path = SearchViewModel.swift; sourceTree = "<group>"; };
		A35FF38F2EB0F4270000E890 /* CheaterViewModel.swift */ = {isa = PBXFileReference; lastKnownFileType = sourcecode.swift; path = CheaterViewModel.swift; sourceTree = "<group>"; };
		A35FF3912EB0FBFE0000E890 /* HistoryViewModel.swift */ = {isa = PBXFileReference; lastKnownFileType = sourcecode.swift; path = HistoryViewModel.swift; sourceTree = "<group>"; };
		A35FF3932EB0FCED0000E890 /* Services+VMAssembly.swift */ = {isa = PBXFileReference; lastKnownFileType = sourcecode.swift; path = "Services+VMAssembly.swift"; sourceTree = "<group>"; };
		A35FF3972EB104760000E890 /* RootTabView.swift */ = {isa = PBXFileReference; lastKnownFileType = sourcecode.swift; path = RootTabView.swift; sourceTree = "<group>"; };
		A35FF3992EB1049F0000E890 /* SearchScreen.swift */ = {isa = PBXFileReference; lastKnownFileType = sourcecode.swift; path = SearchScreen.swift; sourceTree = "<group>"; };
		A35FF39B2EB1060F0000E890 /* CheaterView.swift */ = {isa = PBXFileReference; lastKnownFileType = sourcecode.swift; path = CheaterView.swift; sourceTree = "<group>"; };
		A35FF39D2EB1073A0000E890 /* HistoryView.swift */ = {isa = PBXFileReference; lastKnownFileType = sourcecode.swift; path = HistoryView.swift; sourceTree = "<group>"; };
		A35FF39F2EB108940000E890 /* NameSearchView.swift */ = {isa = PBXFileReference; lastKnownFileType = sourcecode.swift; path = NameSearchView.swift; sourceTree = "<group>"; };
		A35FF3A12EB108C20000E890 /* SearchResultsView.swift */ = {isa = PBXFileReference; lastKnownFileType = sourcecode.swift; path = SearchResultsView.swift; sourceTree = "<group>"; };
		A35FF3A32EB10B200000E890 /* Corner+Helpers.swift */ = {isa = PBXFileReference; lastKnownFileType = sourcecode.swift; path = "Corner+Helpers.swift"; sourceTree = "<group>"; };
		A35FF3A52EB10FCD0000E890 /* FaceSearchView.swift */ = {isa = PBXFileReference; lastKnownFileType = sourcecode.swift; path = FaceSearchView.swift; sourceTree = "<group>"; };
		A35FF3A82EB11AC50000E890 /* LoadingView.swift */ = {isa = PBXFileReference; lastKnownFileType = sourcecode.swift; path = LoadingView.swift; sourceTree = "<group>"; };
		A35FF3AA2EB1274F0000E890 /* HistoryKind.swift */ = {isa = PBXFileReference; lastKnownFileType = sourcecode.swift; path = HistoryKind.swift; sourceTree = "<group>"; };
		A35FF3AC2EB12D790000E890 /* CheaterRecord.swift */ = {isa = PBXFileReference; lastKnownFileType = sourcecode.swift; path = CheaterRecord.swift; sourceTree = "<group>"; };
		A35FF3AE2EB12D9C0000E890 /* CheaterStoreImpl.swift */ = {isa = PBXFileReference; lastKnownFileType = sourcecode.swift; path = CheaterStoreImpl.swift; sourceTree = "<group>"; };
		A35FF3B02EB12DBE0000E890 /* CheaterStore.swift */ = {isa = PBXFileReference; lastKnownFileType = sourcecode.swift; path = CheaterStore.swift; sourceTree = "<group>"; };
		A35FF3B22EB12F980000E890 /* DevSeed.swift */ = {isa = PBXFileReference; lastKnownFileType = sourcecode.swift; path = DevSeed.swift; sourceTree = "<group>"; };
		A35FF3BB2EB224ED0000E890 /* HTTPClient.swift */ = {isa = PBXFileReference; lastKnownFileType = sourcecode.swift; path = HTTPClient.swift; sourceTree = "<group>"; };
		A35FF3BF2EB2257A0000E890 /* URLSessionHTTPClient.swift */ = {isa = PBXFileReference; lastKnownFileType = sourcecode.swift; path = URLSessionHTTPClient.swift; sourceTree = "<group>"; };
		A35FF3C12EB225B70000E890 /* MultipartFormData.swift */ = {isa = PBXFileReference; lastKnownFileType = sourcecode.swift; path = MultipartFormData.swift; sourceTree = "<group>"; };
		A35FF3C32EB228310000E890 /* APIError.swift */ = {isa = PBXFileReference; lastKnownFileType = sourcecode.swift; path = APIError.swift; sourceTree = "<group>"; };
		A35FF3C52EB228610000E890 /* APIConfig.swift */ = {isa = PBXFileReference; lastKnownFileType = sourcecode.swift; path = APIConfig.swift; sourceTree = "<group>"; };
		A35FF3C82EB228950000E890 /* TokenStorage.swift */ = {isa = PBXFileReference; lastKnownFileType = sourcecode.swift; path = TokenStorage.swift; sourceTree = "<group>"; };
		A35FF3CB2EB2290A0000E890 /* UserReadDTO.swift */ = {isa = PBXFileReference; lastKnownFileType = sourcecode.swift; path = UserReadDTO.swift; sourceTree = "<group>"; };
		A35FF3CD2EB2291E0000E890 /* TaskDTO.swift */ = {isa = PBXFileReference; lastKnownFileType = sourcecode.swift; path = TaskDTO.swift; sourceTree = "<group>"; };
		A35FF3CF2EB229330000E890 /* ReverseSearchDTO.swift */ = {isa = PBXFileReference; lastKnownFileType = sourcecode.swift; path = ReverseSearchDTO.swift; sourceTree = "<group>"; };
		A35FF3D12EB229680000E890 /* AuthRepository.swift */ = {isa = PBXFileReference; lastKnownFileType = sourcecode.swift; path = AuthRepository.swift; sourceTree = "<group>"; };
		A35FF3D32EB229930000E890 /* CheaterAPI.swift */ = {isa = PBXFileReference; lastKnownFileType = sourcecode.swift; path = CheaterAPI.swift; sourceTree = "<group>"; };
		A35FF3D72EB22A050000E890 /* TaskPoller.swift */ = {isa = PBXFileReference; lastKnownFileType = sourcecode.swift; path = TaskPoller.swift; sourceTree = "<group>"; };
		A35FF3E12EB231D30000E890 /* AuthRepositoryImpl.swift */ = {isa = PBXFileReference; lastKnownFileType = sourcecode.swift; path = AuthRepositoryImpl.swift; sourceTree = "<group>"; };
		A35FF3E32EB232000000E890 /* CheaterAPIImpl.swift */ = {isa = PBXFileReference; lastKnownFileType = sourcecode.swift; path = CheaterAPIImpl.swift; sourceTree = "<group>"; };
		A35FF3E52EB2324F0000E890 /* TaskPollerImpl.swift */ = {isa = PBXFileReference; lastKnownFileType = sourcecode.swift; path = TaskPollerImpl.swift; sourceTree = "<group>"; };
		A35FF3E82EB232AC0000E890 /* InMemoryTokenStorage.swift */ = {isa = PBXFileReference; lastKnownFileType = sourcecode.swift; path = InMemoryTokenStorage.swift; sourceTree = "<group>"; };
		A35FF3EE2EB24A090000E890 /* TaskCreateResponse.swift */ = {isa = PBXFileReference; lastKnownFileType = sourcecode.swift; path = TaskCreateResponse.swift; sourceTree = "<group>"; };
		A35FF3F02EB251950000E890 /* CheaterResultView.swift */ = {isa = PBXFileReference; lastKnownFileType = sourcecode.swift; path = CheaterResultView.swift; sourceTree = "<group>"; };
		A35FF3F22EB270B50000E890 /* AppRouter.swift */ = {isa = PBXFileReference; lastKnownFileType = sourcecode.swift; path = AppRouter.swift; sourceTree = "<group>"; };
		A35FF3F62EB275C10000E890 /* Notification+Names.swift */ = {isa = PBXFileReference; lastKnownFileType = sourcecode.swift; path = "Notification+Names.swift"; sourceTree = "<group>"; };
		A35FF3F92EB27E9F0000E890 /* SearchRepository.swift */ = {isa = PBXFileReference; lastKnownFileType = sourcecode.swift; path = SearchRepository.swift; sourceTree = "<group>"; };
		A35FF3FB2EB27EDD0000E890 /* SearchRepositoryImpl.swift */ = {isa = PBXFileReference; lastKnownFileType = sourcecode.swift; path = SearchRepositoryImpl.swift; sourceTree = "<group>"; };
		A3B134782EB4B21F00E9486A /* TokensStore.swift */ = {isa = PBXFileReference; lastKnownFileType = sourcecode.swift; path = TokensStore.swift; sourceTree = "<group>"; };
		A3B1347B2EB4B23C00E9486A /* TokensStoreImpl.swift */ = {isa = PBXFileReference; lastKnownFileType = sourcecode.swift; path = TokensStoreImpl.swift; sourceTree = "<group>"; };
		A3B1347E2EB4B25900E9486A /* UserService.swift */ = {isa = PBXFileReference; lastKnownFileType = sourcecode.swift; path = UserService.swift; sourceTree = "<group>"; };
		A3B134802EB4B26900E9486A /* UserServiceImpl.swift */ = {isa = PBXFileReference; lastKnownFileType = sourcecode.swift; path = UserServiceImpl.swift; sourceTree = "<group>"; };
		A3B134832EB4BD8900E9486A /* SubscriptionService.swift */ = {isa = PBXFileReference; lastKnownFileType = sourcecode.swift; path = SubscriptionService.swift; sourceTree = "<group>"; };
		A3B134862EB4BD9E00E9486A /* SubscriptionServiceImpl.swift */ = {isa = PBXFileReference; lastKnownFileType = sourcecode.swift; path = SubscriptionServiceImpl.swift; sourceTree = "<group>"; };
		A3B134892EB4BEAE00E9486A /* PaywallViewModel.swift */ = {isa = PBXFileReference; lastKnownFileType = sourcecode.swift; path = PaywallViewModel.swift; sourceTree = "<group>"; };
		A3B1348B2EB4BEB700E9486A /* PaywallView.swift */ = {isa = PBXFileReference; lastKnownFileType = sourcecode.swift; path = PaywallView.swift; sourceTree = "<group>"; };
/* End PBXFileReference section */

/* Begin PBXFrameworksBuildPhase section */
		A35FF3372EAFC9D40000E890 /* Frameworks */ = {
			isa = PBXFrameworksBuildPhase;
			buildActionMask = 2147483647;
			files = (
				A35FF36D2EB0CF930000E890 /* Swinject in Frameworks */,
			);
			runOnlyForDeploymentPostprocessing = 0;
		};
/* End PBXFrameworksBuildPhase section */

/* Begin PBXGroup section */
		A35FF3312EAFC9D40000E890 = {
			isa = PBXGroup;
			children = (
				A35FF34E2EB005DD0000E890 /* CheaterBuster */,
				A35FF33B2EAFC9D40000E890 /* Products */,
			);
			sourceTree = "<group>";
		};
		A35FF33B2EAFC9D40000E890 /* Products */ = {
			isa = PBXGroup;
			children = (
				A35FF33A2EAFC9D40000E890 /* CheaterBuster.app */,
			);
			name = Products;
			sourceTree = "<group>";
		};
		A35FF34A2EB005DD0000E890 /* Core */ = {
			isa = PBXGroup;
			children = (
				A35FF3F62EB275C10000E890 /* Notification+Names.swift */,
				A35FF3A32EB10B200000E890 /* Corner+Helpers.swift */,
				A35FF3772EB0D8B50000E890 /* Environment+Resolver.swift */,
				A35FF3522EB005E10000E890 /* DesignSystem */,
			);
			path = Core;
			sourceTree = "<group>";
		};
		A35FF34E2EB005DD0000E890 /* CheaterBuster */ = {
			isa = PBXGroup;
			children = (
				A35FF3BD2EB225490000E890 /* Infrastucture */,
				A35FF35A2EB0CDF10000E890 /* Application */,
				A35FF35C2EB0CE090000E890 /* Domain */,
				A35FF35D2EB0CE130000E890 /* Data */,
				A35FF35E2EB0CE200000E890 /* Presentation */,
				A35FF34A2EB005DD0000E890 /* Core */,
				A35FF34B2EB005DD0000E890 /* Assets.xcassets */,
				A35FF34D2EB005DD0000E890 /* DemoView.swift */,
			);
			path = CheaterBuster;
			sourceTree = "<group>";
		};
		A35FF3522EB005E10000E890 /* DesignSystem */ = {
			isa = PBXGroup;
			children = (
				A35FF3532EB005ED0000E890 /* DesignTokens.swift */,
				A35FF3552EB00CDA0000E890 /* Components */,
			);
			path = DesignSystem;
			sourceTree = "<group>";
		};
		A35FF3552EB00CDA0000E890 /* Components */ = {
			isa = PBXGroup;
			children = (
				A35FF3582EB00CF10000E890 /* SearchField.swift */,
				A35FF3562EB00CE80000E890 /* PrimaryButton.swift */,
			);
			path = Components;
			sourceTree = "<group>";
		};
		A35FF35A2EB0CDF10000E890 /* Application */ = {
			isa = PBXGroup;
			children = (
				A35FF3F22EB270B50000E890 /* AppRouter.swift */,
				A35FF3B22EB12F980000E890 /* DevSeed.swift */,
				A35FF34C2EB005DD0000E890 /* CheaterBusterApp.swift */,
				A35FF3972EB104760000E890 /* RootTabView.swift */,
				A35FF3932EB0FCED0000E890 /* Services+VMAssembly.swift */,
				A35FF3742EB0D8300000E890 /* AppAssembler.swift */,
			);
			path = Application;
			sourceTree = "<group>";
		};
		A35FF35C2EB0CE090000E890 /* Domain */ = {
			isa = PBXGroup;
			children = (
				A3B134822EB4BD8000E9486A /* Subscriptions */,
				A3B1347D2EB4B25300E9486A /* Services */,
				A3B134772EB4B21900E9486A /* Store */,
				A35FF3632EB0CE570000E890 /* Entities */,
				A35FF3642EB0CE5E0000E890 /* UseCases */,
			);
			path = Domain;
			sourceTree = "<group>";
		};
		A35FF35D2EB0CE130000E890 /* Data */ = {
			isa = PBXGroup;
			children = (
				A3B134852EB4BD9700E9486A /* Subscriptions */,
				A3B1347A2EB4B23600E9486A /* Stores */,
				A35FF3662EB0CE710000E890 /* Services */,
			);
			path = Data;
			sourceTree = "<group>";
		};
		A35FF35E2EB0CE200000E890 /* Presentation */ = {
			isa = PBXGroup;
			children = (
				A3B134882EB4BEA800E9486A /* Paywall */,
				A35FF3A72EB11ABE0000E890 /* Common */,
				A35FF3622EB0CE450000E890 /* Settings */,
				A35FF3612EB0CE3E0000E890 /* History */,
				A35FF3602EB0CE310000E890 /* Cheater */,
				A35FF35F2EB0CE280000E890 /* Search */,
			);
			path = Presentation;
			sourceTree = "<group>";
		};
		A35FF35F2EB0CE280000E890 /* Search */ = {
			isa = PBXGroup;
			children = (
				A35FF3A52EB10FCD0000E890 /* FaceSearchView.swift */,
				A35FF3A12EB108C20000E890 /* SearchResultsView.swift */,
				A35FF39F2EB108940000E890 /* NameSearchView.swift */,
				A35FF3992EB1049F0000E890 /* SearchScreen.swift */,
				A35FF38D2EB0F1EF0000E890 /* SearchViewModel.swift */,
			);
			path = Search;
			sourceTree = "<group>";
		};
		A35FF3602EB0CE310000E890 /* Cheater */ = {
			isa = PBXGroup;
			children = (
				A35FF3F02EB251950000E890 /* CheaterResultView.swift */,
				A35FF39B2EB1060F0000E890 /* CheaterView.swift */,
				A35FF38F2EB0F4270000E890 /* CheaterViewModel.swift */,
			);
			path = Cheater;
			sourceTree = "<group>";
		};
		A35FF3612EB0CE3E0000E890 /* History */ = {
			isa = PBXGroup;
			children = (
				A35FF39D2EB1073A0000E890 /* HistoryView.swift */,
				A35FF3912EB0FBFE0000E890 /* HistoryViewModel.swift */,
			);
			path = History;
			sourceTree = "<group>";
		};
		A35FF3622EB0CE450000E890 /* Settings */ = {
			isa = PBXGroup;
			children = (
				A35FF3722EB0D3360000E890 /* SettingsViewModel.swift */,
				A35FF3702EB0D32F0000E890 /* SettingsView.swift */,
			);
			path = Settings;
			sourceTree = "<group>";
		};
		A35FF3632EB0CE570000E890 /* Entities */ = {
			isa = PBXGroup;
			children = (
				A35FF3CA2EB228FD0000E890 /* DTO */,
				A35FF3AC2EB12D790000E890 /* CheaterRecord.swift */,
				A35FF3AA2EB1274F0000E890 /* HistoryKind.swift */,
				A35FF3792EB0E68B0000E890 /* ImageHit.swift */,
				A35FF37B2EB0E7500000E890 /* ConversationAnalysis.swift */,
			);
			path = Entities;
			sourceTree = "<group>";
		};
		A35FF3642EB0CE5E0000E890 /* UseCases */ = {
			isa = PBXGroup;
			children = (
				A35FF3BA2EB224DE0000E890 /* Networking */,
				A35FF3C72EB228810000E890 /* Security */,
				A35FF3D72EB22A050000E890 /* TaskPoller.swift */,
				A35FF3D32EB229930000E890 /* CheaterAPI.swift */,
				A35FF3D12EB229680000E890 /* AuthRepository.swift */,
				A35FF3B02EB12DBE0000E890 /* CheaterStore.swift */,
				A35FF37D2EB0E8040000E890 /* SearchService.swift */,
				A35FF37F2EB0E8D20000E890 /* CheaterAnalyzerService.swift */,
				A35FF3812EB0E9310000E890 /* HistoryStore.swift */,
				A35FF3832EB0EA0C0000E890 /* SettingsStore.swift */,
			);
			path = UseCases;
			sourceTree = "<group>";
		};
		A35FF3652EB0CE6A0000E890 /* API */ = {
			isa = PBXGroup;
			children = (
				A35FF3E32EB232000000E890 /* CheaterAPIImpl.swift */,
			);
			path = API;
			sourceTree = "<group>";
		};
		A35FF3662EB0CE710000E890 /* Services */ = {
			isa = PBXGroup;
			children = (
				A3B134802EB4B26900E9486A /* UserServiceImpl.swift */,
				A35FF3FB2EB27EDD0000E890 /* SearchRepositoryImpl.swift */,
				A35FF3ED2EB233080000E890 /* Storage */,
				A35FF3EC2EB232F70000E890 /* Tasks */,
				A35FF3652EB0CE6A0000E890 /* API */,
				A35FF3EA2EB232BE0000E890 /* Auth */,
				A35FF38B2EB0F0F70000E890 /* SettingsStoreImpl.swift */,
				A35FF3892EB0EE2F0000E890 /* HistoryStoreImpl.swift */,
				A35FF3872EB0ED360000E890 /* CheaterAnalyzerServiceImpl.swift */,
				A35FF3852EB0EA590000E890 /* SearchServiceImpl.swift */,
			);
			path = Services;
			sourceTree = "<group>";
		};
		A35FF3A72EB11ABE0000E890 /* Common */ = {
			isa = PBXGroup;
			children = (
				A35FF3A82EB11AC50000E890 /* LoadingView.swift */,
			);
			path = Common;
			sourceTree = "<group>";
		};
		A35FF3BA2EB224DE0000E890 /* Networking */ = {
			isa = PBXGroup;
			children = (
				A35FF3C32EB228310000E890 /* APIError.swift */,
				A35FF3BB2EB224ED0000E890 /* HTTPClient.swift */,
			);
			path = Networking;
			sourceTree = "<group>";
		};
		A35FF3BD2EB225490000E890 /* Infrastucture */ = {
			isa = PBXGroup;
			children = (
				A35FF3E72EB232A50000E890 /* Security */,
				A35FF3BE2EB225640000E890 /* Networking */,
			);
			path = Infrastucture;
			sourceTree = "<group>";
		};
		A35FF3BE2EB225640000E890 /* Networking */ = {
			isa = PBXGroup;
			children = (
				A35FF3C52EB228610000E890 /* APIConfig.swift */,
				A35FF3BF2EB2257A0000E890 /* URLSessionHTTPClient.swift */,
				A35FF3C12EB225B70000E890 /* MultipartFormData.swift */,
			);
			path = Networking;
			sourceTree = "<group>";
		};
		A35FF3C72EB228810000E890 /* Security */ = {
			isa = PBXGroup;
			children = (
				A35FF3C82EB228950000E890 /* TokenStorage.swift */,
			);
			path = Security;
			sourceTree = "<group>";
		};
		A35FF3CA2EB228FD0000E890 /* DTO */ = {
			isa = PBXGroup;
			children = (
				A35FF3EE2EB24A090000E890 /* TaskCreateResponse.swift */,
				A35FF3CF2EB229330000E890 /* ReverseSearchDTO.swift */,
				A35FF3CD2EB2291E0000E890 /* TaskDTO.swift */,
				A35FF3CB2EB2290A0000E890 /* UserReadDTO.swift */,
			);
			path = DTO;
			sourceTree = "<group>";
		};
		A35FF3E72EB232A50000E890 /* Security */ = {
			isa = PBXGroup;
			children = (
				A35FF3E82EB232AC0000E890 /* InMemoryTokenStorage.swift */,
			);
			path = Security;
			sourceTree = "<group>";
		};
		A35FF3EA2EB232BE0000E890 /* Auth */ = {
			isa = PBXGroup;
			children = (
				A35FF3E12EB231D30000E890 /* AuthRepositoryImpl.swift */,
			);
			path = Auth;
			sourceTree = "<group>";
		};
		A35FF3EC2EB232F70000E890 /* Tasks */ = {
			isa = PBXGroup;
			children = (
				A35FF3E52EB2324F0000E890 /* TaskPollerImpl.swift */,
			);
			path = Tasks;
			sourceTree = "<group>";
		};
		A35FF3ED2EB233080000E890 /* Storage */ = {
			isa = PBXGroup;
			children = (
				A35FF3AE2EB12D9C0000E890 /* CheaterStoreImpl.swift */,
			);
			path = Storage;
			sourceTree = "<group>";
		};
		A3B134772EB4B21900E9486A /* Store */ = {
			isa = PBXGroup;
			children = (
				A3B134782EB4B21F00E9486A /* TokensStore.swift */,
			);
			path = Store;
			sourceTree = "<group>";
		};
		A3B1347A2EB4B23600E9486A /* Stores */ = {
			isa = PBXGroup;
			children = (
				A3B1347B2EB4B23C00E9486A /* TokensStoreImpl.swift */,
			);
			path = Stores;
			sourceTree = "<group>";
		};
		A3B1347D2EB4B25300E9486A /* Services */ = {
			isa = PBXGroup;
			children = (
				A35FF3F92EB27E9F0000E890 /* SearchRepository.swift */,
				A3B1347E2EB4B25900E9486A /* UserService.swift */,
			);
			path = Services;
			sourceTree = "<group>";
		};
		A3B134822EB4BD8000E9486A /* Subscriptions */ = {
			isa = PBXGroup;
			children = (
				A3B134832EB4BD8900E9486A /* SubscriptionService.swift */,
			);
			path = Subscriptions;
			sourceTree = "<group>";
		};
		A3B134852EB4BD9700E9486A /* Subscriptions */ = {
			isa = PBXGroup;
			children = (
				A3B134862EB4BD9E00E9486A /* SubscriptionServiceImpl.swift */,
			);
			path = Subscriptions;
			sourceTree = "<group>";
		};
		A3B134882EB4BEA800E9486A /* Paywall */ = {
			isa = PBXGroup;
			children = (
				A3B1348B2EB4BEB700E9486A /* PaywallView.swift */,
				A3B134892EB4BEAE00E9486A /* PaywallViewModel.swift */,
			);
			path = Paywall;
			sourceTree = "<group>";
		};
/* End PBXGroup section */

/* Begin PBXNativeTarget section */
		A35FF3392EAFC9D40000E890 /* CheaterBuster */ = {
			isa = PBXNativeTarget;
			buildConfigurationList = A35FF3452EAFC9D70000E890 /* Build configuration list for PBXNativeTarget "CheaterBuster" */;
			buildPhases = (
				A35FF3362EAFC9D40000E890 /* Sources */,
				A35FF3372EAFC9D40000E890 /* Frameworks */,
				A35FF3382EAFC9D40000E890 /* Resources */,
			);
			buildRules = (
			);
			dependencies = (
			);
			name = CheaterBuster;
			packageProductDependencies = (
				A35FF36C2EB0CF930000E890 /* Swinject */,
			);
			productName = CheaterBuster;
			productReference = A35FF33A2EAFC9D40000E890 /* CheaterBuster.app */;
			productType = "com.apple.product-type.application";
		};
/* End PBXNativeTarget section */

/* Begin PBXProject section */
		A35FF3322EAFC9D40000E890 /* Project object */ = {
			isa = PBXProject;
			attributes = {
				BuildIndependentTargetsInParallel = 1;
				LastSwiftUpdateCheck = 2600;
				LastUpgradeCheck = 2600;
				TargetAttributes = {
					A35FF3392EAFC9D40000E890 = {
						CreatedOnToolsVersion = 26.0.1;
					};
				};
			};
			buildConfigurationList = A35FF3352EAFC9D40000E890 /* Build configuration list for PBXProject "CheaterBuster" */;
			developmentRegion = en;
			hasScannedForEncodings = 0;
			knownRegions = (
				en,
				Base,
			);
			mainGroup = A35FF3312EAFC9D40000E890;
			minimizedProjectReferenceProxies = 1;
			packageReferences = (
				A35FF36B2EB0CF930000E890 /* XCRemoteSwiftPackageReference "Swinject" */,
			);
			preferredProjectObjectVersion = 77;
			productRefGroup = A35FF33B2EAFC9D40000E890 /* Products */;
			projectDirPath = "";
			projectRoot = "";
			targets = (
				A35FF3392EAFC9D40000E890 /* CheaterBuster */,
			);
		};
/* End PBXProject section */

/* Begin PBXResourcesBuildPhase section */
		A35FF3382EAFC9D40000E890 /* Resources */ = {
			isa = PBXResourcesBuildPhase;
			buildActionMask = 2147483647;
			files = (
				A35FF34F2EB005DD0000E890 /* Assets.xcassets in Resources */,
			);
			runOnlyForDeploymentPostprocessing = 0;
		};
/* End PBXResourcesBuildPhase section */

/* Begin PBXSourcesBuildPhase section */
		A35FF3362EAFC9D40000E890 /* Sources */ = {
			isa = PBXSourcesBuildPhase;
			buildActionMask = 2147483647;
			files = (
				A35FF3942EB0FCF20000E890 /* Services+VMAssembly.swift in Sources */,
				A35FF3C22EB225B70000E890 /* MultipartFormData.swift in Sources */,
				A35FF38C2EB0F1090000E890 /* SettingsStoreImpl.swift in Sources */,
				A35FF3EF2EB24A090000E890 /* TaskCreateResponse.swift in Sources */,
				A35FF3FC2EB27EDD0000E890 /* SearchRepositoryImpl.swift in Sources */,
				A3B1348A2EB4BEAE00E9486A /* PaywallViewModel.swift in Sources */,
				A35FF3F32EB270B50000E890 /* AppRouter.swift in Sources */,
				A35FF3E92EB232AC0000E890 /* InMemoryTokenStorage.swift in Sources */,
				A35FF3502EB005DD0000E890 /* CheaterBusterApp.swift in Sources */,
				A35FF3712EB0D3330000E890 /* SettingsView.swift in Sources */,
				A35FF3882EB0ED3F0000E890 /* CheaterAnalyzerServiceImpl.swift in Sources */,
				A3B134842EB4BD8900E9486A /* SubscriptionService.swift in Sources */,
				A35FF3842EB0EA100000E890 /* SettingsStore.swift in Sources */,
				A35FF3E22EB231D30000E890 /* AuthRepositoryImpl.swift in Sources */,
				A35FF3F12EB251950000E890 /* CheaterResultView.swift in Sources */,
				A35FF3A02EB108940000E890 /* NameSearchView.swift in Sources */,
				A35FF3A22EB108C20000E890 /* SearchResultsView.swift in Sources */,
				A35FF3592EB00CF10000E890 /* SearchField.swift in Sources */,
				A35FF37A2EB0E6910000E890 /* ImageHit.swift in Sources */,
				A35FF3F72EB275CA0000E890 /* Notification+Names.swift in Sources */,
				A35FF3A42EB10B2C0000E890 /* Corner+Helpers.swift in Sources */,
				A35FF3C02EB2257A0000E890 /* URLSessionHTTPClient.swift in Sources */,
				A35FF3B12EB12DBE0000E890 /* CheaterStore.swift in Sources */,
				A35FF3E42EB232000000E890 /* CheaterAPIImpl.swift in Sources */,
				A35FF3D82EB22A050000E890 /* TaskPoller.swift in Sources */,
				A3B1348C2EB4BEB700E9486A /* PaywallView.swift in Sources */,
				A35FF3902EB0F42E0000E890 /* CheaterViewModel.swift in Sources */,
				A35FF3922EB0FC040000E890 /* HistoryViewModel.swift in Sources */,
				A35FF3AD2EB12D790000E890 /* CheaterRecord.swift in Sources */,
				A35FF3732EB0D3460000E890 /* SettingsViewModel.swift in Sources */,
				A35FF3A92EB11AC50000E890 /* LoadingView.swift in Sources */,
				A35FF3982EB1047A0000E890 /* RootTabView.swift in Sources */,
				A35FF3A62EB10FCD0000E890 /* FaceSearchView.swift in Sources */,
				A35FF3752EB0D8350000E890 /* AppAssembler.swift in Sources */,
				A35FF3E62EB2324F0000E890 /* TaskPollerImpl.swift in Sources */,
				A35FF3822EB0E9350000E890 /* HistoryStore.swift in Sources */,
				A3B134792EB4B21F00E9486A /* TokensStore.swift in Sources */,
				A35FF3C92EB228950000E890 /* TokenStorage.swift in Sources */,
				A35FF3542EB005F00000E890 /* DesignTokens.swift in Sources */,
				A35FF38E2EB0F1F30000E890 /* SearchViewModel.swift in Sources */,
				A35FF3FA2EB27E9F0000E890 /* SearchRepository.swift in Sources */,
				A3B1347C2EB4B23C00E9486A /* TokensStoreImpl.swift in Sources */,
				A35FF39A2EB104A30000E890 /* SearchScreen.swift in Sources */,
				A35FF3802EB0E8DE0000E890 /* CheaterAnalyzerService.swift in Sources */,
				A3B134872EB4BD9E00E9486A /* SubscriptionServiceImpl.swift in Sources */,
				A35FF3572EB00CE80000E890 /* PrimaryButton.swift in Sources */,
				A35FF39E2EB107420000E890 /* HistoryView.swift in Sources */,
				A35FF39C2EB106150000E890 /* CheaterView.swift in Sources */,
				A3B1347F2EB4B25900E9486A /* UserService.swift in Sources */,
				A35FF3CE2EB2291E0000E890 /* TaskDTO.swift in Sources */,
				A35FF3D22EB229680000E890 /* AuthRepository.swift in Sources */,
				A35FF3512EB005DD0000E890 /* DemoView.swift in Sources */,
				A35FF3AB2EB1274F0000E890 /* HistoryKind.swift in Sources */,
				A35FF3AF2EB12D9C0000E890 /* CheaterStoreImpl.swift in Sources */,
				A35FF37E2EB0E80C0000E890 /* SearchService.swift in Sources */,
				A35FF3CC2EB2290A0000E890 /* UserReadDTO.swift in Sources */,
				A35FF3D42EB229930000E890 /* CheaterAPI.swift in Sources */,
				A3B134812EB4B26900E9486A /* UserServiceImpl.swift in Sources */,
				A35FF38A2EB0EE380000E890 /* HistoryStoreImpl.swift in Sources */,
				A35FF3B32EB12F980000E890 /* DevSeed.swift in Sources */,
				A35FF3862EB0EA600000E890 /* SearchServiceImpl.swift in Sources */,
				A35FF37C2EB0E7600000E890 /* ConversationAnalysis.swift in Sources */,
				A35FF3782EB0D8B70000E890 /* Environment+Resolver.swift in Sources */,
				A35FF3D02EB229330000E890 /* ReverseSearchDTO.swift in Sources */,
				A35FF3BC2EB224ED0000E890 /* HTTPClient.swift in Sources */,
				A35FF3C62EB228610000E890 /* APIConfig.swift in Sources */,
				A35FF3C42EB228310000E890 /* APIError.swift in Sources */,
			);
			runOnlyForDeploymentPostprocessing = 0;
		};
/* End PBXSourcesBuildPhase section */

/* Begin XCBuildConfiguration section */
		A35FF3432EAFC9D70000E890 /* Debug */ = {
			isa = XCBuildConfiguration;
			buildSettings = {
				ALWAYS_SEARCH_USER_PATHS = NO;
				ASSETCATALOG_COMPILER_GENERATE_SWIFT_ASSET_SYMBOL_EXTENSIONS = YES;
				CLANG_ANALYZER_NONNULL = YES;
				CLANG_ANALYZER_NUMBER_OBJECT_CONVERSION = YES_AGGRESSIVE;
				CLANG_CXX_LANGUAGE_STANDARD = "gnu++20";
				CLANG_ENABLE_MODULES = YES;
				CLANG_ENABLE_OBJC_ARC = YES;
				CLANG_ENABLE_OBJC_WEAK = YES;
				CLANG_WARN_BLOCK_CAPTURE_AUTORELEASING = YES;
				CLANG_WARN_BOOL_CONVERSION = YES;
				CLANG_WARN_COMMA = YES;
				CLANG_WARN_CONSTANT_CONVERSION = YES;
				CLANG_WARN_DEPRECATED_OBJC_IMPLEMENTATIONS = YES;
				CLANG_WARN_DIRECT_OBJC_ISA_USAGE = YES_ERROR;
				CLANG_WARN_DOCUMENTATION_COMMENTS = YES;
				CLANG_WARN_EMPTY_BODY = YES;
				CLANG_WARN_ENUM_CONVERSION = YES;
				CLANG_WARN_INFINITE_RECURSION = YES;
				CLANG_WARN_INT_CONVERSION = YES;
				CLANG_WARN_NON_LITERAL_NULL_CONVERSION = YES;
				CLANG_WARN_OBJC_IMPLICIT_RETAIN_SELF = YES;
				CLANG_WARN_OBJC_LITERAL_CONVERSION = YES;
				CLANG_WARN_OBJC_ROOT_CLASS = YES_ERROR;
				CLANG_WARN_QUOTED_INCLUDE_IN_FRAMEWORK_HEADER = YES;
				CLANG_WARN_RANGE_LOOP_ANALYSIS = YES;
				CLANG_WARN_STRICT_PROTOTYPES = YES;
				CLANG_WARN_SUSPICIOUS_MOVE = YES;
				CLANG_WARN_UNGUARDED_AVAILABILITY = YES_AGGRESSIVE;
				CLANG_WARN_UNREACHABLE_CODE = YES;
				CLANG_WARN__DUPLICATE_METHOD_MATCH = YES;
				COPY_PHASE_STRIP = NO;
				DEBUG_INFORMATION_FORMAT = dwarf;
				DEVELOPMENT_TEAM = 2NVL5EUMWM;
				ENABLE_STRICT_OBJC_MSGSEND = YES;
				ENABLE_TESTABILITY = YES;
				ENABLE_USER_SCRIPT_SANDBOXING = YES;
				GCC_C_LANGUAGE_STANDARD = gnu17;
				GCC_DYNAMIC_NO_PIC = NO;
				GCC_NO_COMMON_BLOCKS = YES;
				GCC_OPTIMIZATION_LEVEL = 0;
				GCC_PREPROCESSOR_DEFINITIONS = (
					"DEBUG=1",
					"$(inherited)",
				);
				GCC_WARN_64_TO_32_BIT_CONVERSION = YES;
				GCC_WARN_ABOUT_RETURN_TYPE = YES_ERROR;
				GCC_WARN_UNDECLARED_SELECTOR = YES;
				GCC_WARN_UNINITIALIZED_AUTOS = YES_AGGRESSIVE;
				GCC_WARN_UNUSED_FUNCTION = YES;
				GCC_WARN_UNUSED_VARIABLE = YES;
				IPHONEOS_DEPLOYMENT_TARGET = 26.0;
				LOCALIZATION_PREFERS_STRING_CATALOGS = YES;
				MTL_ENABLE_DEBUG_INFO = INCLUDE_SOURCE;
				MTL_FAST_MATH = YES;
				ONLY_ACTIVE_ARCH = YES;
				SDKROOT = iphoneos;
				SWIFT_ACTIVE_COMPILATION_CONDITIONS = "DEBUG $(inherited)";
				SWIFT_OPTIMIZATION_LEVEL = "-Onone";
			};
			name = Debug;
		};
		A35FF3442EAFC9D70000E890 /* Release */ = {
			isa = XCBuildConfiguration;
			buildSettings = {
				ALWAYS_SEARCH_USER_PATHS = NO;
				ASSETCATALOG_COMPILER_GENERATE_SWIFT_ASSET_SYMBOL_EXTENSIONS = YES;
				CLANG_ANALYZER_NONNULL = YES;
				CLANG_ANALYZER_NUMBER_OBJECT_CONVERSION = YES_AGGRESSIVE;
				CLANG_CXX_LANGUAGE_STANDARD = "gnu++20";
				CLANG_ENABLE_MODULES = YES;
				CLANG_ENABLE_OBJC_ARC = YES;
				CLANG_ENABLE_OBJC_WEAK = YES;
				CLANG_WARN_BLOCK_CAPTURE_AUTORELEASING = YES;
				CLANG_WARN_BOOL_CONVERSION = YES;
				CLANG_WARN_COMMA = YES;
				CLANG_WARN_CONSTANT_CONVERSION = YES;
				CLANG_WARN_DEPRECATED_OBJC_IMPLEMENTATIONS = YES;
				CLANG_WARN_DIRECT_OBJC_ISA_USAGE = YES_ERROR;
				CLANG_WARN_DOCUMENTATION_COMMENTS = YES;
				CLANG_WARN_EMPTY_BODY = YES;
				CLANG_WARN_ENUM_CONVERSION = YES;
				CLANG_WARN_INFINITE_RECURSION = YES;
				CLANG_WARN_INT_CONVERSION = YES;
				CLANG_WARN_NON_LITERAL_NULL_CONVERSION = YES;
				CLANG_WARN_OBJC_IMPLICIT_RETAIN_SELF = YES;
				CLANG_WARN_OBJC_LITERAL_CONVERSION = YES;
				CLANG_WARN_OBJC_ROOT_CLASS = YES_ERROR;
				CLANG_WARN_QUOTED_INCLUDE_IN_FRAMEWORK_HEADER = YES;
				CLANG_WARN_RANGE_LOOP_ANALYSIS = YES;
				CLANG_WARN_STRICT_PROTOTYPES = YES;
				CLANG_WARN_SUSPICIOUS_MOVE = YES;
				CLANG_WARN_UNGUARDED_AVAILABILITY = YES_AGGRESSIVE;
				CLANG_WARN_UNREACHABLE_CODE = YES;
				CLANG_WARN__DUPLICATE_METHOD_MATCH = YES;
				COPY_PHASE_STRIP = NO;
				DEBUG_INFORMATION_FORMAT = "dwarf-with-dsym";
				DEVELOPMENT_TEAM = 2NVL5EUMWM;
				ENABLE_NS_ASSERTIONS = NO;
				ENABLE_STRICT_OBJC_MSGSEND = YES;
				ENABLE_USER_SCRIPT_SANDBOXING = YES;
				GCC_C_LANGUAGE_STANDARD = gnu17;
				GCC_NO_COMMON_BLOCKS = YES;
				GCC_WARN_64_TO_32_BIT_CONVERSION = YES;
				GCC_WARN_ABOUT_RETURN_TYPE = YES_ERROR;
				GCC_WARN_UNDECLARED_SELECTOR = YES;
				GCC_WARN_UNINITIALIZED_AUTOS = YES_AGGRESSIVE;
				GCC_WARN_UNUSED_FUNCTION = YES;
				GCC_WARN_UNUSED_VARIABLE = YES;
				IPHONEOS_DEPLOYMENT_TARGET = 26.0;
				LOCALIZATION_PREFERS_STRING_CATALOGS = YES;
				MTL_ENABLE_DEBUG_INFO = NO;
				MTL_FAST_MATH = YES;
				SDKROOT = iphoneos;
				SWIFT_COMPILATION_MODE = wholemodule;
				VALIDATE_PRODUCT = YES;
			};
			name = Release;
		};
		A35FF3462EAFC9D70000E890 /* Debug */ = {
			isa = XCBuildConfiguration;
			buildSettings = {
				ASSETCATALOG_COMPILER_APPICON_NAME = AppIcon;
				ASSETCATALOG_COMPILER_GLOBAL_ACCENT_COLOR_NAME = AccentColor;
				CODE_SIGN_STYLE = Automatic;
				CURRENT_PROJECT_VERSION = 1;
				DEVELOPMENT_TEAM = 2NVL5EUMWM;
				ENABLE_PREVIEWS = YES;
				GENERATE_INFOPLIST_FILE = YES;
				INFOPLIST_KEY_UIApplicationSupportsIndirectInputEvents = YES;
				INFOPLIST_KEY_UILaunchScreen_Generation = YES;
				INFOPLIST_KEY_UISupportedInterfaceOrientations_iPad = "UIInterfaceOrientationPortrait UIInterfaceOrientationPortraitUpsideDown UIInterfaceOrientationLandscapeLeft UIInterfaceOrientationLandscapeRight";
				INFOPLIST_KEY_UISupportedInterfaceOrientations_iPhone = "UIInterfaceOrientationPortrait UIInterfaceOrientationLandscapeLeft UIInterfaceOrientationLandscapeRight";
				LD_RUNPATH_SEARCH_PATHS = (
					"$(inherited)",
					"@executable_path/Frameworks",
				);
				MARKETING_VERSION = 1.0;
				PRODUCT_BUNDLE_IDENTIFIER = niiazkhasanov.CheaterBuster;
				PRODUCT_NAME = "$(TARGET_NAME)";
				STRING_CATALOG_GENERATE_SYMBOLS = YES;
				SWIFT_APPROACHABLE_CONCURRENCY = YES;
				SWIFT_DEFAULT_ACTOR_ISOLATION = MainActor;
				SWIFT_EMIT_LOC_STRINGS = YES;
				SWIFT_UPCOMING_FEATURE_MEMBER_IMPORT_VISIBILITY = YES;
				SWIFT_VERSION = 5.0;
				TARGETED_DEVICE_FAMILY = "1,2";
			};
			name = Debug;
		};
		A35FF3472EAFC9D70000E890 /* Release */ = {
			isa = XCBuildConfiguration;
			buildSettings = {
				ASSETCATALOG_COMPILER_APPICON_NAME = AppIcon;
				ASSETCATALOG_COMPILER_GLOBAL_ACCENT_COLOR_NAME = AccentColor;
				CODE_SIGN_STYLE = Automatic;
				CURRENT_PROJECT_VERSION = 1;
				DEVELOPMENT_TEAM = 2NVL5EUMWM;
				ENABLE_PREVIEWS = YES;
				GENERATE_INFOPLIST_FILE = YES;
				INFOPLIST_KEY_UIApplicationSupportsIndirectInputEvents = YES;
				INFOPLIST_KEY_UILaunchScreen_Generation = YES;
				INFOPLIST_KEY_UISupportedInterfaceOrientations_iPad = "UIInterfaceOrientationPortrait UIInterfaceOrientationPortraitUpsideDown UIInterfaceOrientationLandscapeLeft UIInterfaceOrientationLandscapeRight";
				INFOPLIST_KEY_UISupportedInterfaceOrientations_iPhone = "UIInterfaceOrientationPortrait UIInterfaceOrientationLandscapeLeft UIInterfaceOrientationLandscapeRight";
				LD_RUNPATH_SEARCH_PATHS = (
					"$(inherited)",
					"@executable_path/Frameworks",
				);
				MARKETING_VERSION = 1.0;
				PRODUCT_BUNDLE_IDENTIFIER = niiazkhasanov.CheaterBuster;
				PRODUCT_NAME = "$(TARGET_NAME)";
				STRING_CATALOG_GENERATE_SYMBOLS = YES;
				SWIFT_APPROACHABLE_CONCURRENCY = YES;
				SWIFT_DEFAULT_ACTOR_ISOLATION = MainActor;
				SWIFT_EMIT_LOC_STRINGS = YES;
				SWIFT_UPCOMING_FEATURE_MEMBER_IMPORT_VISIBILITY = YES;
				SWIFT_VERSION = 5.0;
				TARGETED_DEVICE_FAMILY = "1,2";
			};
			name = Release;
		};
/* End XCBuildConfiguration section */

/* Begin XCConfigurationList section */
		A35FF3352EAFC9D40000E890 /* Build configuration list for PBXProject "CheaterBuster" */ = {
			isa = XCConfigurationList;
			buildConfigurations = (
				A35FF3432EAFC9D70000E890 /* Debug */,
				A35FF3442EAFC9D70000E890 /* Release */,
			);
			defaultConfigurationIsVisible = 0;
			defaultConfigurationName = Release;
		};
		A35FF3452EAFC9D70000E890 /* Build configuration list for PBXNativeTarget "CheaterBuster" */ = {
			isa = XCConfigurationList;
			buildConfigurations = (
				A35FF3462EAFC9D70000E890 /* Debug */,
				A35FF3472EAFC9D70000E890 /* Release */,
			);
			defaultConfigurationIsVisible = 0;
			defaultConfigurationName = Release;
		};
/* End XCConfigurationList section */

/* Begin XCRemoteSwiftPackageReference section */
		A35FF36B2EB0CF930000E890 /* XCRemoteSwiftPackageReference "Swinject" */ = {
			isa = XCRemoteSwiftPackageReference;
			repositoryURL = "https://github.com/Swinject/Swinject.git";
			requirement = {
				kind = upToNextMajorVersion;
				minimumVersion = 2.10.0;
			};
		};
/* End XCRemoteSwiftPackageReference section */

/* Begin XCSwiftPackageProductDependency section */
		A35FF36C2EB0CF930000E890 /* Swinject */ = {
			isa = XCSwiftPackageProductDependency;
			package = A35FF36B2EB0CF930000E890 /* XCRemoteSwiftPackageReference "Swinject" */;
			productName = Swinject;
		};
/* End XCSwiftPackageProductDependency section */
	};
	rootObject = A35FF3322EAFC9D40000E890 /* Project object */;
}
